
Microsoft Visual Studio Solution File, Format Version 12.00
# Visual Studio Version 17
VisualStudioVersion = 17.0.31710.8
MinimumVisualStudioVersion = 10.0.40219.1
Project("{9A19103F-16F7-4668-BE54-9A1E7A4F7556}") = "DataProviderFactory", "DataProviderFactory\DataProviderFactory.csproj", "{D47ADA52-924D-4D0F-A635-CAC360CBDDED}"
EndProject
Project("{9A19103F-16F7-4668-BE54-9A1E7A4F7556}") = "AutoLot.DataReader", "AutoLot.DataReader\AutoLot.DataReader.csproj", "{45C08E58-7AD4-44BB-B955-691B79351055}"
EndProject
Project("{9A19103F-16F7-4668-BE54-9A1E7A4F7556}") = "AutoLot.Dal", "AutoLot.Dal\AutoLot.Dal.csproj", "{7EC24679-582C-49CD-A7CA-BA24301BCD03}"
EndProject
Project("{FAE04EC0-301F-11D3-BF4B-00C04F79EFBC}") = "AutoLot.Client", "AutoLot.Client\AutoLot.Client.csproj", "{357CFFDB-8A78-4083-B98A-AFCE2D5D08FA}"
EndProject
Global
	GlobalSection(SolutionConfigurationPlatforms) = preSolution
		Debug|Any CPU = Debug|Any CPU
		Release|Any CPU = Release|Any CPU
	EndGlobalSection
	GlobalSection(ProjectConfigurationPlatforms) = postSolution
		{D47ADA52-924D-4D0F-A635-CAC360CBDDED}.Debug|Any CPU.ActiveCfg = Debug|Any CPU
		{D47ADA52-924D-4D0F-A635-CAC360CBDDED}.Debug|Any CPU.Build.0 = Debug|Any CPU
		{D47ADA52-924D-4D0F-A635-CAC360CBDDED}.Release|Any CPU.ActiveCfg = Release|Any CPU
		{D47ADA52-924D-4D0F-A635-CAC360CBDDED}.Release|Any CPU.Build.0 = Release|Any CPU
		{45C08E58-7AD4-44BB-B955-691B79351055}.Debug|Any CPU.ActiveCfg = Debug|Any CPU
		{45C08E58-7AD4-44BB-B955-691B79351055}.Debug|Any CPU.Build.0 = Debug|Any CPU
		{45C08E58-7AD4-44BB-B955-691B79351055}.Release|Any CPU.ActiveCfg = Release|Any CPU
		{45C08E58-7AD4-44BB-B955-691B79351055}.Release|Any CPU.Build.0 = Release|Any CPU
		{7EC24679-582C-49CD-A7CA-BA24301BCD03}.Debug|Any CPU.ActiveCfg = Debug|Any CPU
		{7EC24679-582C-49CD-A7CA-BA24301BCD03}.Debug|Any CPU.Build.0 = Debug|Any CPU
		{7EC24679-582C-49CD-A7CA-BA24301BCD03}.Release|Any CPU.ActiveCfg = Release|Any CPU
		{7EC24679-582C-49CD-A7CA-BA24301BCD03}.Release|Any CPU.Build.0 = Release|Any CPU
		{357CFFDB-8A78-4083-B98A-AFCE2D5D08FA}.Debug|Any CPU.ActiveCfg = Debug|Any CPU
		{357CFFDB-8A78-4083-B98A-AFCE2D5D08FA}.Debug|Any CPU.Build.0 = Debug|Any CPU
		{357CFFDB-8A78-4083-B98A-AFCE2D5D08FA}.Release|Any CPU.ActiveCfg = Release|Any CPU
		{357CFFDB-8A78-4083-B98A-AFCE2D5D08FA}.Release|Any CPU.Build.0 = Release|Any CPU
	EndGlobalSection
	GlobalSection(SolutionProperties) = preSolution
		HideSolutionNode = FALSE
	EndGlobalSection
	GlobalSection(ExtensibilityGlobals) = postSolution
		SolutionGuid = {D1A75D66-8257-426A-A9D7-65879D097858}
	EndGlobalSection
EndGlobal
